
Microsoft Visual Studio Solution File, Format Version 12.00
# Visual Studio Version 16
VisualStudioVersion = 16.0.29123.88
MinimumVisualStudioVersion = 10.0.40219.1
Project("{FAE04EC0-301F-11D3-BF4B-00C04F79EFBC}") = "WebApplication3", "WebApplication3.csproj", "{398E7D67-92C8-4E41-8D36-92ED758920A6}"
EndProject
Global
	GlobalSection(SolutionConfigurationPlatforms) = preSolution
		Debug|Any CPU = Debug|Any CPU
		Release|Any CPU = Release|Any CPU
	EndGlobalSection
	GlobalSection(ProjectConfigurationPlatforms) = postSolution
		{398E7D67-92C8-4E41-8D36-92ED758920A6}.Debug|Any CPU.ActiveCfg = Debug|Any CPU
		{398E7D67-92C8-4E41-8D36-92ED758920A6}.Debug|Any CPU.Build.0 = Debug|Any CPU
		{398E7D67-92C8-4E41-8D36-92ED758920A6}.Release|Any CPU.ActiveCfg = Release|Any CPU
		{398E7D67-92C8-4E41-8D36-92ED758920A6}.Release|Any CPU.Build.0 = Release|Any CPU
	EndGlobalSection
	GlobalSection(SolutionProperties) = preSolution
		HideSolutionNode = FALSE
	EndGlobalSection
	GlobalSection(ExtensibilityGlobals) = postSolution
		SolutionGuid = {8D4DDA67-DD2B-4C1C-A4A6-FBDFDE83F05D}
	EndGlobalSection
EndGlobal
